
Microsoft Visual Studio Solution File, Format Version 12.00
# Visual Studio 15
VisualStudioVersion = 15.0.27004.2010
MinimumVisualStudioVersion = 10.0.40219.1
Project("{FAE04EC0-301F-11D3-BF4B-00C04F79EFBC}") = "DevonApp3", "DevonApp3\DevonApp3\DevonApp3.csproj", "{FBA4D26D-03D9-4786-973D-EBDBB56815D9}"
EndProject
Project("{FAE04EC0-301F-11D3-BF4B-00C04F79EFBC}") = "DevonApp3.Android", "DevonApp3\DevonApp3.Android\DevonApp3.Android.csproj", "{41EA75F9-F066-4699-8FA1-FA5E35813E1F}"
EndProject
Global
	GlobalSection(SolutionConfigurationPlatforms) = preSolution
		Debug|Any CPU = Debug|Any CPU
		Release|Any CPU = Release|Any CPU
	EndGlobalSection
	GlobalSection(ProjectConfigurationPlatforms) = postSolution
		{FBA4D26D-03D9-4786-973D-EBDBB56815D9}.Debug|Any CPU.ActiveCfg = Debug|Any CPU
		{FBA4D26D-03D9-4786-973D-EBDBB56815D9}.Debug|Any CPU.Build.0 = Debug|Any CPU
		{FBA4D26D-03D9-4786-973D-EBDBB56815D9}.Release|Any CPU.ActiveCfg = Release|Any CPU
		{FBA4D26D-03D9-4786-973D-EBDBB56815D9}.Release|Any CPU.Build.0 = Release|Any CPU
		{41EA75F9-F066-4699-8FA1-FA5E35813E1F}.Debug|Any CPU.ActiveCfg = Debug|Any CPU
		{41EA75F9-F066-4699-8FA1-FA5E35813E1F}.Debug|Any CPU.Build.0 = Debug|Any CPU
		{41EA75F9-F066-4699-8FA1-FA5E35813E1F}.Debug|Any CPU.Deploy.0 = Debug|Any CPU
		{41EA75F9-F066-4699-8FA1-FA5E35813E1F}.Release|Any CPU.ActiveCfg = Release|Any CPU
		{41EA75F9-F066-4699-8FA1-FA5E35813E1F}.Release|Any CPU.Build.0 = Release|Any CPU
		{41EA75F9-F066-4699-8FA1-FA5E35813E1F}.Release|Any CPU.Deploy.0 = Release|Any CPU
	EndGlobalSection
	GlobalSection(SolutionProperties) = preSolution
		HideSolutionNode = FALSE
	EndGlobalSection
	GlobalSection(ExtensibilityGlobals) = postSolution
		SolutionGuid = {CBECA39D-D339-4061-B043-D3014DE417E9}
	EndGlobalSection
EndGlobal
